
Microsoft Visual Studio Solution File, Format Version 12.00
# Visual Studio Version 17
VisualStudioVersion = 17.12.35707.178
MinimumVisualStudioVersion = 10.0.40219.1
Project("{FAE04EC0-301F-11D3-BF4B-00C04F79EFBC}") = "DietP.Core", "DietP.Core\DietP.Core.csproj", "{0F1DEA4E-ADB2-4C09-988C-186BFBA46012}"
EndProject
Project("{FAE04EC0-301F-11D3-BF4B-00C04F79EFBC}") = "DietP.Service", "DietP.Service\DietP.Service.csproj", "{4EBAA3EF-320F-4FC0-B49F-6ABB55504BD9}"
	ProjectSection(ProjectDependencies) = postProject
		{0F1DEA4E-ADB2-4C09-988C-186BFBA46012} = {0F1DEA4E-ADB2-4C09-988C-186BFBA46012}
	EndProjectSection
EndProject
Project("{FAE04EC0-301F-11D3-BF4B-00C04F79EFBC}") = "DietP.Infrastructure", "DietP.Infrastructure\DietP.Infrastructure.csproj", "{3AC5F3E9-60B5-4B17-BC83-1935825F91BB}"
	ProjectSection(ProjectDependencies) = postProject
		{0F1DEA4E-ADB2-4C09-988C-186BFBA46012} = {0F1DEA4E-ADB2-4C09-988C-186BFBA46012}
	EndProjectSection
EndProject
Project("{FAE04EC0-301F-11D3-BF4B-00C04F79EFBC}") = "DietP.Api", "DietP.Api\DietP.Api.csproj", "{C5C02C99-CB2F-42C9-A594-8F7981BA2B57}"
	ProjectSection(ProjectDependencies) = postProject
		{0F1DEA4E-ADB2-4C09-988C-186BFBA46012} = {0F1DEA4E-ADB2-4C09-988C-186BFBA46012}
		{3AC5F3E9-60B5-4B17-BC83-1935825F91BB} = {3AC5F3E9-60B5-4B17-BC83-1935825F91BB}
		{4EBAA3EF-320F-4FC0-B49F-6ABB55504BD9} = {4EBAA3EF-320F-4FC0-B49F-6ABB55504BD9}
	EndProjectSection
EndProject
Global
	GlobalSection(SolutionConfigurationPlatforms) = preSolution
		Debug|Any CPU = Debug|Any CPU
		Release|Any CPU = Release|Any CPU
	EndGlobalSection
	GlobalSection(ProjectConfigurationPlatforms) = postSolution
		{0F1DEA4E-ADB2-4C09-988C-186BFBA46012}.Debug|Any CPU.ActiveCfg = Debug|Any CPU
		{0F1DEA4E-ADB2-4C09-988C-186BFBA46012}.Debug|Any CPU.Build.0 = Debug|Any CPU
		{0F1DEA4E-ADB2-4C09-988C-186BFBA46012}.Release|Any CPU.ActiveCfg = Release|Any CPU
		{0F1DEA4E-ADB2-4C09-988C-186BFBA46012}.Release|Any CPU.Build.0 = Release|Any CPU
		{4EBAA3EF-320F-4FC0-B49F-6ABB55504BD9}.Debug|Any CPU.ActiveCfg = Debug|Any CPU
		{4EBAA3EF-320F-4FC0-B49F-6ABB55504BD9}.Debug|Any CPU.Build.0 = Debug|Any CPU
		{4EBAA3EF-320F-4FC0-B49F-6ABB55504BD9}.Release|Any CPU.ActiveCfg = Release|Any CPU
		{4EBAA3EF-320F-4FC0-B49F-6ABB55504BD9}.Release|Any CPU.Build.0 = Release|Any CPU
		{3AC5F3E9-60B5-4B17-BC83-1935825F91BB}.Debug|Any CPU.ActiveCfg = Debug|Any CPU
		{3AC5F3E9-60B5-4B17-BC83-1935825F91BB}.Debug|Any CPU.Build.0 = Debug|Any CPU
		{3AC5F3E9-60B5-4B17-BC83-1935825F91BB}.Release|Any CPU.ActiveCfg = Release|Any CPU
		{3AC5F3E9-60B5-4B17-BC83-1935825F91BB}.Release|Any CPU.Build.0 = Release|Any CPU
		{C5C02C99-CB2F-42C9-A594-8F7981BA2B57}.Debug|Any CPU.ActiveCfg = Debug|Any CPU
		{C5C02C99-CB2F-42C9-A594-8F7981BA2B57}.Debug|Any CPU.Build.0 = Debug|Any CPU
		{C5C02C99-CB2F-42C9-A594-8F7981BA2B57}.Release|Any CPU.ActiveCfg = Release|Any CPU
		{C5C02C99-CB2F-42C9-A594-8F7981BA2B57}.Release|Any CPU.Build.0 = Release|Any CPU
	EndGlobalSection
	GlobalSection(SolutionProperties) = preSolution
		HideSolutionNode = FALSE
	EndGlobalSection
EndGlobal
